
Microsoft Visual Studio Solution File, Format Version 12.00
# Visual Studio Version 16
VisualStudioVersion = 16.0.29519.87
MinimumVisualStudioVersion = 10.0.40219.1
Project("{F184B08F-C81C-45F6-A57F-5ABD9991F28F}") = "hydreon_rg9", "hydreon_rg9.vbproj", "{44BBA927-C7F7-435F-97BC-67B842B6D172}"
EndProject
Global
	GlobalSection(SolutionConfigurationPlatforms) = preSolution
		Debug|Any CPU = Debug|Any CPU
		Release|Any CPU = Release|Any CPU
	EndGlobalSection
	GlobalSection(ProjectConfigurationPlatforms) = postSolution
		{44BBA927-C7F7-435F-97BC-67B842B6D172}.Debug|Any CPU.ActiveCfg = Debug|Any CPU
		{44BBA927-C7F7-435F-97BC-67B842B6D172}.Debug|Any CPU.Build.0 = Debug|Any CPU
		{44BBA927-C7F7-435F-97BC-67B842B6D172}.Release|Any CPU.ActiveCfg = Release|Any CPU
		{44BBA927-C7F7-435F-97BC-67B842B6D172}.Release|Any CPU.Build.0 = Release|Any CPU
	EndGlobalSection
	GlobalSection(SolutionProperties) = preSolution
		HideSolutionNode = FALSE
	EndGlobalSection
	GlobalSection(ExtensibilityGlobals) = postSolution
		SolutionGuid = {0C3B0C80-9823-439E-A2BA-F08A77395493}
	EndGlobalSection
EndGlobal
